<?xml version="1.0" encoding="utf-8"?>
<Project ToolsVersion="4.0" xmlns="http://schemas.microsoft.com/developer/msbuild/2003">
  <ItemGroup>
    <Filter Include="Source Files">
      <UniqueIdentifier>{4FC737F1-C7A5-4376-A066-2A32D752A2FF}</UniqueIdentifier>
      <Extensions>cpp;c;cc;cxx;def;odl;idl;hpj;bat;asm;asmx</Extensions>
    </Filter>
    <Filter Include="Source Files\boost">
      <UniqueIdentifier>{b5382ac5-7249-4531-889a-bac50e75ecfc}</UniqueIdentifier>
    </Filter>
    <Filter Include="Source Files\boost\regex">
      <UniqueIdentifier>{72f5ba47-a2fb-4b63-82ab-5d56438c3635}</UniqueIdentifier>
    </Filter>
    <Filter Include="Source Files\boost\threads">
      <UniqueIdentifier>{7ab5f6af-3665-4f81-9603-61cda5b9d560}</UniqueIdentifier>
    </Filter>
    <Filter Include="Source Files\batch_application">
      <UniqueIdentifier>{d485133c-b0d4-4c7c-9a8b-9067e1c2d476}</UniqueIdentifier>
    </Filter>
    <Filter Include="Source Files\calculation">
      <UniqueIdentifier>{341a59d3-f9d4-4297-851e-43e08072faca}</UniqueIdentifier>
    </Filter>
    <Filter Include="Source Files\calculation\analysis">
      <UniqueIdentifier>{57df7b3e-8e50-4d0f-a62a-8386a5f69fc5}</UniqueIdentifier>
    </Filter>
    <Filter Include="Source Files\calculation\analysis_run">
      <UniqueIdentifier>{381e7433-d647-4a60-bdcf-3fc3e95996e5}</UniqueIdentifier>
    </Filter>
    <Filter Include="Source Files\calculation\cluster">
      <UniqueIdentifier>{506c5f5b-93c6-49df-b2bd-bdbcc8e9b8a2}</UniqueIdentifier>
    </Filter>
    <Filter Include="Source Files\calculation\loglikelihood">
      <UniqueIdentifier>{e39d3ee6-9252-4138-a0f5-7ec0939630fc}</UniqueIdentifier>
    </Filter>
    <Filter Include="Source Files\calculation\utility">
      <UniqueIdentifier>{79004252-b3c3-4bce-88da-e7d21e73e572}</UniqueIdentifier>
    </Filter>
    <Filter Include="Source Files\calculation\satscan_data">
      <UniqueIdentifier>{dd75a7e8-d5d1-44ac-b3b5-a15d3261d26d}</UniqueIdentifier>
    </Filter>
    <Filter Include="Source Files\calculation\randomization">
      <UniqueIdentifier>{04d43ece-3bd3-46d6-9716-cafa185fe356}</UniqueIdentifier>
    </Filter>
    <Filter Include="Source Files\calculation\probability_model">
      <UniqueIdentifier>{03cf56da-fae3-41d1-8525-ddd04039dc07}</UniqueIdentifier>
    </Filter>
    <Filter Include="Source Files\calculation\print">
      <UniqueIdentifier>{02e8f837-6d16-4d69-9050-31ed3e62e742}</UniqueIdentifier>
    </Filter>
    <Filter Include="Source Files\calculation\Output">
      <UniqueIdentifier>{daa3313c-ae73-4909-ae0d-34c1b3b9e2f3}</UniqueIdentifier>
    </Filter>
    <Filter Include="Header Files">
      <UniqueIdentifier>{93995380-89BD-4b04-88EB-625FBE52EBFB}</UniqueIdentifier>
      <Extensions>h;hpp;hxx;hm;inl;inc;xsd</Extensions>
    </Filter>
    <Filter Include="Header Files\calculation">
      <UniqueIdentifier>{04e5e3fa-e916-4b8b-ad43-a5fcae93d0a6}</UniqueIdentifier>
    </Filter>
    <Filter Include="Header Files\calculation\analysis">
      <UniqueIdentifier>{437a6193-d962-4fb3-93d7-b58f2afbd5b6}</UniqueIdentifier>
    </Filter>
    <Filter Include="Header Files\calculation\analysis_run">
      <UniqueIdentifier>{98d6b337-97c4-475c-993d-09b414707b6c}</UniqueIdentifier>
    </Filter>
    <Filter Include="Header Files\calculation\cluster">
      <UniqueIdentifier>{ad63afa2-f5b6-42fa-9875-d15223fbbb61}</UniqueIdentifier>
    </Filter>
    <Filter Include="Header Files\calculation\Output">
      <UniqueIdentifier>{0c55ac09-7deb-4618-a5b7-fceccff33721}</UniqueIdentifier>
    </Filter>
    <Filter Include="Header Files\calculation\print">
      <UniqueIdentifier>{77a8431e-9df6-48ca-81cb-b36dc801e86e}</UniqueIdentifier>
    </Filter>
    <Filter Include="Header Files\calculation\loglikelihood">
      <UniqueIdentifier>{88f33c64-3a12-4da8-ab31-7d1c1b308fe9}</UniqueIdentifier>
    </Filter>
    <Filter Include="Header Files\calculation\probability_model">
      <UniqueIdentifier>{09f961c3-3720-4c82-ae57-eaaac5176cb0}</UniqueIdentifier>
    </Filter>
    <Filter Include="Header Files\calculation\randomization">
      <UniqueIdentifier>{7c34fbab-38db-4c60-8b48-019f34c2ac9d}</UniqueIdentifier>
    </Filter>
    <Filter Include="Header Files\calculation\satscan_data">
      <UniqueIdentifier>{3a614b69-7ee2-4384-afac-6b8effca0b82}</UniqueIdentifier>
    </Filter>
    <Filter Include="Header Files\calculation\utility">
      <UniqueIdentifier>{18f6045c-1162-4c39-8e9e-5c072c655cfb}</UniqueIdentifier>
    </Filter>
    <Filter Include="Resource Files">
      <UniqueIdentifier>{67DA6AB6-F800-4c08-8B7A-83BB121AAD01}</UniqueIdentifier>
      <Extensions>rc;ico;cur;bmp;dlg;rc2;rct;bin;rgs;gif;jpg;jpeg;jpe;resx;tiff;tif;png;wav</Extensions>
    </Filter>
    <Filter Include="Source Files\boost\program_options">
      <UniqueIdentifier>{135c0a6f-bc3b-4d0f-97bf-4f9106d60d63}</UniqueIdentifier>
    </Filter>
    <Filter Include="Header Files\batch_application">
      <UniqueIdentifier>{7d99923d-f99d-4331-a981-2e874b38e6e0}</UniqueIdentifier>
    </Filter>
    <Filter Include="Source Files\boost\chrono">
      <UniqueIdentifier>{022c7fbb-278d-482c-8ce6-4ce79cf73cb0}</UniqueIdentifier>
    </Filter>
    <Filter Include="Source Files\boost\system">
      <UniqueIdentifier>{314c6365-edbe-4407-b39c-3274e4587ffa}</UniqueIdentifier>
    </Filter>
    <Filter Include="Source Files\boost\filesystem">
      <UniqueIdentifier>{5b6e6acb-dc98-4c7a-97ff-f5bbfd4b9bf2}</UniqueIdentifier>
    </Filter>
  </ItemGroup>
  <ItemGroup>
    <ClCompile Include="Main.cpp">
      <Filter>Source Files\batch_application</Filter>
    </ClCompile>
    <ClCompile Include="..\calculation\IniParameterFileAccess.cpp">
      <Filter>Source Files\calculation</Filter>
    </ClCompile>
    <ClCompile Include="..\calculation\IniParameterSpecification.cpp">
      <Filter>Source Files\calculation</Filter>
    </ClCompile>
    <ClCompile Include="..\calculation\ParameterFileAccess.cpp">
      <Filter>Source Files\calculation</Filter>
    </ClCompile>
    <ClCompile Include="..\calculation\Parameters.cpp">
      <Filter>Source Files\calculation</Filter>
    </ClCompile>
    <ClCompile Include="..\calculation\ParametersPrint.cpp">
      <Filter>Source Files\calculation</Filter>
    </ClCompile>
    <ClCompile Include="..\calculation\ParametersValidate.cpp">
      <Filter>Source Files\calculation</Filter>
    </ClCompile>
    <ClCompile Include="..\calculation\RunTimeComponents.cpp">
      <Filter>Source Files\calculation</Filter>
    </ClCompile>
    <ClCompile Include="..\calculation\ScanLineParameterFileAccess.cpp">
      <Filter>Source Files\calculation</Filter>
    </ClCompile>
    <ClCompile Include="..\calculation\Toolkit.cpp">
      <Filter>Source Files\calculation</Filter>
    </ClCompile>
    <ClCompile Include="..\calculation\analysis\AbstractAnalysis.cpp">
      <Filter>Source Files\calculation\analysis</Filter>
    </ClCompile>
    <ClCompile Include="..\calculation\analysis\AbstractBruteForceAnalysis.cpp">
      <Filter>Source Files\calculation\analysis</Filter>
    </ClCompile>
    <ClCompile Include="..\calculation\analysis\AbstractCentricAnalysis.cpp">
      <Filter>Source Files\calculation\analysis</Filter>
    </ClCompile>
    <ClCompile Include="..\calculation\analysis\Analysis.cpp">
      <Filter>Source Files\calculation\analysis</Filter>
    </ClCompile>
    <ClCompile Include="..\calculation\analysis\IntermediateClustersContainer.cpp">
      <Filter>Source Files\calculation\analysis</Filter>
    </ClCompile>
    <ClCompile Include="..\calculation\analysis\MeasureList.cpp">
      <Filter>Source Files\calculation\analysis</Filter>
    </ClCompile>
    <ClCompile Include="..\calculation\analysis\PurelySpatialAnalysis.cpp">
      <Filter>Source Files\calculation\analysis</Filter>
    </ClCompile>
    <ClCompile Include="..\calculation\analysis\PurelySpatialBruteForceAnalysis.cpp">
      <Filter>Source Files\calculation\analysis</Filter>
    </ClCompile>
    <ClCompile Include="..\calculation\analysis\PurelySpatialCentricAnalysis.cpp">
      <Filter>Source Files\calculation\analysis</Filter>
    </ClCompile>
    <ClCompile Include="..\calculation\analysis\PurelySpatialMonotoneAnalysis.cpp">
      <Filter>Source Files\calculation\analysis</Filter>
    </ClCompile>
    <ClCompile Include="..\calculation\analysis\PurelyTemporalAnalysis.cpp">
      <Filter>Source Files\calculation\analysis</Filter>
    </ClCompile>
    <ClCompile Include="..\calculation\analysis\SignificantRatios05.cpp">
      <Filter>Source Files\calculation\analysis</Filter>
    </ClCompile>
    <ClCompile Include="..\calculation\analysis\SpaceTimeAnalysis.cpp">
      <Filter>Source Files\calculation\analysis</Filter>
    </ClCompile>
    <ClCompile Include="..\calculation\analysis\SpaceTimeCentricAnalysis.cpp">
      <Filter>Source Files\calculation\analysis</Filter>
    </ClCompile>
    <ClCompile Include="..\calculation\analysis\SpaceTimeIncludePureAnalysis.cpp">
      <Filter>Source Files\calculation\analysis</Filter>
    </ClCompile>
    <ClCompile Include="..\calculation\analysis\SpaceTimeIncludePureCentricAnalysis.cpp">
      <Filter>Source Files\calculation\analysis</Filter>
    </ClCompile>
    <ClCompile Include="..\calculation\analysis\SpaceTimeIncludePurelySpatialAnalysis.cpp">
      <Filter>Source Files\calculation\analysis</Filter>
    </ClCompile>
    <ClCompile Include="..\calculation\analysis\SpaceTimeIncludePurelySpatialCentricAnalysis.cpp">
      <Filter>Source Files\calculation\analysis</Filter>
    </ClCompile>
    <ClCompile Include="..\calculation\analysis\SpaceTimeIncludePurelyTemporalAnalysis.cpp">
      <Filter>Source Files\calculation\analysis</Filter>
    </ClCompile>
    <ClCompile Include="..\calculation\analysis\SpaceTimeIncludePurelyTemporalCentricAnalysis.cpp">
      <Filter>Source Files\calculation\analysis</Filter>
    </ClCompile>
    <ClCompile Include="..\calculation\analysis\SVTTAnalysis.cpp">
      <Filter>Source Files\calculation\analysis</Filter>
    </ClCompile>
    <ClCompile Include="..\calculation\analysis\SVTTCentricAnalysis.cpp">
      <Filter>Source Files\calculation\analysis</Filter>
    </ClCompile>
    <ClCompile Include="..\calculation\analysis_run\AnalysisRun.cpp">
      <Filter>Source Files\calculation\analysis_run</Filter>
    </ClCompile>
    <ClCompile Include="..\calculation\analysis_run\MostLikelyClustersContainer.cpp">
      <Filter>Source Files\calculation\analysis_run</Filter>
    </ClCompile>
    <ClCompile Include="..\calculation\cluster\AbstractClusterData.cpp">
      <Filter>Source Files\calculation\cluster</Filter>
    </ClCompile>
    <ClCompile Include="..\calculation\cluster\AbstractClusterDataFactory.cpp">
      <Filter>Source Files\calculation\cluster</Filter>
    </ClCompile>
    <ClCompile Include="..\calculation\cluster\UniformTimeClusterDataFactory.cpp">
      <Filter>Source Files\calculation\cluster</Filter>
    </ClCompile>
    <ClCompile Include="..\calculation\cluster\CategoricalClusterData.cpp">
      <Filter>Source Files\calculation\cluster</Filter>
    </ClCompile>
    <ClCompile Include="..\calculation\cluster\CategoricalClusterDataFactory.cpp">
      <Filter>Source Files\calculation\cluster</Filter>
    </ClCompile>
    <ClCompile Include="..\calculation\cluster\Cluster.cpp">
      <Filter>Source Files\calculation\cluster</Filter>
    </ClCompile>
    <ClCompile Include="..\calculation\cluster\ClusterData.cpp">
      <Filter>Source Files\calculation\cluster</Filter>
    </ClCompile>
    <ClCompile Include="..\calculation\cluster\ClusterDataFactory.cpp">
      <Filter>Source Files\calculation\cluster</Filter>
    </ClCompile>
    <ClCompile Include="..\calculation\cluster\IncidentRate.cpp">
      <Filter>Source Files\calculation\cluster</Filter>
    </ClCompile>
    <ClCompile Include="..\calculation\cluster\MultiSetCategoricalClusterData.cpp">
      <Filter>Source Files\calculation\cluster</Filter>
    </ClCompile>
    <ClCompile Include="..\calculation\cluster\MultiSetClusterData.cpp">
      <Filter>Source Files\calculation\cluster</Filter>
    </ClCompile>
    <ClCompile Include="..\calculation\cluster\MultiSetNormalClusterData.cpp">
      <Filter>Source Files\calculation\cluster</Filter>
    </ClCompile>
    <ClCompile Include="..\calculation\cluster\NormalClusterData.cpp">
      <Filter>Source Files\calculation\cluster</Filter>
    </ClCompile>
    <ClCompile Include="..\calculation\cluster\UniformTimeClusterData.cpp">
      <Filter>Source Files\calculation\cluster</Filter>
    </ClCompile>
    <ClCompile Include="..\calculation\cluster\MultiSetUniformTimeClusterData.cpp">
      <Filter>Source Files\calculation\cluster</Filter>
    </ClCompile>
    <ClCompile Include="..\calculation\cluster\NormalClusterDataFactory.cpp">
      <Filter>Source Files\calculation\cluster</Filter>
    </ClCompile>
    <ClCompile Include="..\calculation\cluster\PurelySpatialCluster.cpp">
      <Filter>Source Files\calculation\cluster</Filter>
    </ClCompile>
    <ClCompile Include="..\calculation\cluster\PurelySpatialHomogeneousPoissonCluster.cpp">
      <Filter>Source Files\calculation\cluster</Filter>
    </ClCompile>
    <ClCompile Include="..\calculation\cluster\PurelySpatialMonotoneCluster.cpp">
      <Filter>Source Files\calculation\cluster</Filter>
    </ClCompile>
    <ClCompile Include="..\calculation\cluster\PurelySpatialProspectiveCluster.cpp">
      <Filter>Source Files\calculation\cluster</Filter>
    </ClCompile>
    <ClCompile Include="..\calculation\cluster\PurelyTemporalCluster.cpp">
      <Filter>Source Files\calculation\cluster</Filter>
    </ClCompile>
    <ClCompile Include="..\calculation\cluster\SpaceTimeCluster.cpp">
      <Filter>Source Files\calculation\cluster</Filter>
    </ClCompile>
    <ClCompile Include="..\calculation\cluster\SVTTCluster.cpp">
      <Filter>Source Files\calculation\cluster</Filter>
    </ClCompile>
    <ClCompile Include="..\calculation\cluster\TimeIntervalRange.cpp">
      <Filter>Source Files\calculation\cluster</Filter>
    </ClCompile>
    <ClCompile Include="..\calculation\cluster\TimeIntervals.cpp">
      <Filter>Source Files\calculation\cluster</Filter>
    </ClCompile>
    <ClCompile Include="..\calculation\cluster\TimeTrend.cpp">
      <Filter>Source Files\calculation\cluster</Filter>
    </ClCompile>
    <ClCompile Include="..\calculation\loglikelihood\BernoulliLikelihoodCalculation.cpp">
      <Filter>Source Files\calculation\loglikelihood</Filter>
    </ClCompile>
    <ClCompile Include="..\calculation\loglikelihood\UniformTimeLikelihoodCalculation.cpp">
      <Filter>Source Files\calculation\loglikelihood</Filter>
    </ClCompile>
    <ClCompile Include="..\calculation\loglikelihood\LikelihoodCalculation.cpp">
      <Filter>Source Files\calculation\loglikelihood</Filter>
    </ClCompile>
    <ClCompile Include="..\calculation\loglikelihood\LoglikelihoodRatioUnifier.cpp">
      <Filter>Source Files\calculation\loglikelihood</Filter>
    </ClCompile>
    <ClCompile Include="..\calculation\loglikelihood\NormalLikelihoodCalculation.cpp">
      <Filter>Source Files\calculation\loglikelihood</Filter>
    </ClCompile>
    <ClCompile Include="..\calculation\loglikelihood\OrdinalLikelihoodCalculation.cpp">
      <Filter>Source Files\calculation\loglikelihood</Filter>
    </ClCompile>
    <ClCompile Include="..\calculation\loglikelihood\PoissonLikelihoodCalculation.cpp">
      <Filter>Source Files\calculation\loglikelihood</Filter>
    </ClCompile>
    <ClCompile Include="..\calculation\loglikelihood\PoissonSVTTLikelihoodCalculation.cpp">
      <Filter>Source Files\calculation\loglikelihood</Filter>
    </ClCompile>
    <ClCompile Include="..\calculation\loglikelihood\WeightedNormalCovariatesLikelihoodCalculation.cpp">
      <Filter>Source Files\calculation\loglikelihood</Filter>
    </ClCompile>
    <ClCompile Include="..\calculation\loglikelihood\WeightedNormalLikelihoodCalculation.cpp">
      <Filter>Source Files\calculation\loglikelihood</Filter>
    </ClCompile>
    <ClCompile Include="..\calculation\loglikelihood\WilcoxonLikelihoodCalculation.cpp">
      <Filter>Source Files\calculation\loglikelihood</Filter>
    </ClCompile>
    <ClCompile Include="..\calculation\utility\AsynchronouslyAccessible.cpp">
      <Filter>Source Files\calculation\utility</Filter>
    </ClCompile>
    <ClCompile Include="..\calculation\utility\contractor.cpp">
      <Filter>Source Files\calculation\utility</Filter>
    </ClCompile>
    <ClCompile Include="..\calculation\utility\dBaseFile.cpp">
      <Filter>Source Files\calculation\utility</Filter>
    </ClCompile>
    <ClCompile Include="..\calculation\utility\FieldDef.cpp">
      <Filter>Source Files\calculation\utility</Filter>
    </ClCompile>
    <ClCompile Include="..\calculation\utility\FileName.cpp">
      <Filter>Source Files\calculation\utility</Filter>
    </ClCompile>
    <ClCompile Include="..\calculation\utility\Ini.cpp">
      <Filter>Source Files\calculation\utility</Filter>
    </ClCompile>
    <ClCompile Include="..\calculation\utility\JulianDates.cpp">
      <Filter>Source Files\calculation\utility</Filter>
    </ClCompile>
    <ClCompile Include="..\calculation\utility\MultipleDimensionArrayHandler.cpp">
      <Filter>Source Files\calculation\utility</Filter>
    </ClCompile>
    <ClCompile Include="..\calculation\utility\RandomDistribution.cpp">
      <Filter>Source Files\calculation\utility</Filter>
    </ClCompile>
    <ClCompile Include="..\calculation\utility\RandomNumberGenerator.cpp">
      <Filter>Source Files\calculation\utility</Filter>
    </ClCompile>
    <ClCompile Include="..\calculation\utility\ShapeFile.cpp">
      <Filter>Source Files\calculation\utility</Filter>
    </ClCompile>
    <ClCompile Include="..\calculation\utility\SSException.cpp">
      <Filter>Source Files\calculation\utility</Filter>
    </ClCompile>
    <ClCompile Include="..\calculation\utility\stsCentricAlgoFunctor.cpp">
      <Filter>Source Files\calculation\utility</Filter>
    </ClCompile>
    <ClCompile Include="..\calculation\utility\stsCentricAlgoJobSource.cpp">
      <Filter>Source Files\calculation\utility</Filter>
    </ClCompile>
    <ClCompile Include="..\calculation\utility\stsMCSimJobSource.cpp">
      <Filter>Source Files\calculation\utility</Filter>
    </ClCompile>
    <ClCompile Include="..\calculation\utility\stsMonteCarloSimFunctor.cpp">
      <Filter>Source Files\calculation\utility</Filter>
    </ClCompile>
    <ClCompile Include="..\calculation\utility\TimeStamp.cpp">
      <Filter>Source Files\calculation\utility</Filter>
    </ClCompile>
    <ClCompile Include="..\calculation\utility\UtilityFunctions.cpp">
      <Filter>Source Files\calculation\utility</Filter>
    </ClCompile>
    <ClCompile Include="..\calculation\satscan_data\AdjustmentHandler.cpp">
      <Filter>Source Files\calculation\satscan_data</Filter>
    </ClCompile>
    <ClCompile Include="..\calculation\satscan_data\BernoulliDataSetHandler.cpp">
      <Filter>Source Files\calculation\satscan_data</Filter>
    </ClCompile>
    <ClCompile Include="..\calculation\probability_model\CalculateMeasure.cpp">
      <Filter>Source Files\calculation\satscan_data</Filter>
    </ClCompile>
    <ClCompile Include="..\calculation\satscan_data\CentroidNeighbors.cpp">
      <Filter>Source Files\calculation\satscan_data</Filter>
    </ClCompile>
    <ClCompile Include="..\calculation\satscan_data\DataSet.cpp">
      <Filter>Source Files\calculation\satscan_data</Filter>
    </ClCompile>
    <ClCompile Include="..\calculation\satscan_data\DataSetGateway.cpp">
      <Filter>Source Files\calculation\satscan_data</Filter>
    </ClCompile>
    <ClCompile Include="..\calculation\satscan_data\DataSetHandler.cpp">
      <Filter>Source Files\calculation\satscan_data</Filter>
    </ClCompile>
    <ClCompile Include="..\calculation\satscan_data\DataSetInterface.cpp">
      <Filter>Source Files\calculation\satscan_data</Filter>
    </ClCompile>
    <ClCompile Include="..\calculation\satscan_data\DataSetReader.cpp">
      <Filter>Source Files\calculation\satscan_data</Filter>
    </ClCompile>
    <ClCompile Include="..\calculation\satscan_data\DataSetWriter.cpp">
      <Filter>Source Files\calculation\satscan_data</Filter>
    </ClCompile>
    <ClCompile Include="..\calculation\satscan_data\DataSource.cpp">
      <Filter>Source Files\calculation\satscan_data</Filter>
    </ClCompile>
    <ClCompile Include="..\calculation\satscan_data\ExponentialDataSetHandler.cpp">
      <Filter>Source Files\calculation\satscan_data</Filter>
    </ClCompile>
    <ClCompile Include="..\calculation\satscan_data\GridTractCoordinates.cpp">
      <Filter>Source Files\calculation\satscan_data</Filter>
    </ClCompile>
    <ClCompile Include="..\calculation\satscan_data\HomogeneousPoissonDataSetHandler.cpp">
      <Filter>Source Files\calculation\satscan_data</Filter>
    </ClCompile>
    <ClCompile Include="..\calculation\satscan_data\MakeNeighbors.cpp">
      <Filter>Source Files\calculation\satscan_data</Filter>
    </ClCompile>
    <ClCompile Include="..\calculation\satscan_data\MaxWindowLengthIndicator.cpp">
      <Filter>Source Files\calculation\satscan_data</Filter>
    </ClCompile>
    <ClCompile Include="..\calculation\satscan_data\MetaTractManager.cpp">
      <Filter>Source Files\calculation\satscan_data</Filter>
    </ClCompile>
    <ClCompile Include="..\calculation\satscan_data\NormalDataSetHandler.cpp">
      <Filter>Source Files\calculation\satscan_data</Filter>
    </ClCompile>
    <ClCompile Include="..\calculation\satscan_data\ObservableRegion.cpp">
      <Filter>Source Files\calculation\satscan_data</Filter>
    </ClCompile>
    <ClCompile Include="..\calculation\satscan_data\OrdinalDataSetHandler.cpp">
      <Filter>Source Files\calculation\satscan_data</Filter>
    </ClCompile>
    <ClCompile Include="..\calculation\satscan_data\PoissonDataSetHandler.cpp">
      <Filter>Source Files\calculation\satscan_data</Filter>
    </ClCompile>
    <ClCompile Include="..\calculation\satscan_data\PopulationData.cpp">
      <Filter>Source Files\calculation\satscan_data</Filter>
    </ClCompile>
    <ClCompile Include="..\calculation\satscan_data\PurelySpatialData.cpp">
      <Filter>Source Files\calculation\satscan_data</Filter>
    </ClCompile>
    <ClCompile Include="..\calculation\satscan_data\PurelyTemporalData.cpp">
      <Filter>Source Files\calculation\satscan_data</Filter>
    </ClCompile>
    <ClCompile Include="..\calculation\satscan_data\RankDataSetHandler.cpp">
      <Filter>Source Files\calculation\satscan_data</Filter>
    </ClCompile>
    <ClCompile Include="..\calculation\satscan_data\UniformTimeDataSetHandler.cpp">
      <Filter>Source Files\calculation\satscan_data</Filter>
    </ClCompile>
    <ClCompile Include="..\calculation\satscan_data\SaTScanData.cpp">
      <Filter>Source Files\calculation\satscan_data</Filter>
    </ClCompile>
    <ClCompile Include="..\calculation\satscan_data\SaTScanDataDisplay.cpp">
      <Filter>Source Files\calculation\satscan_data</Filter>
    </ClCompile>
    <ClCompile Include="..\calculation\satscan_data\SaTScanDataRead.cpp">
      <Filter>Source Files\calculation\satscan_data</Filter>
    </ClCompile>
    <ClCompile Include="..\calculation\satscan_data\SpaceTimeData.cpp">
      <Filter>Source Files\calculation\satscan_data</Filter>
    </ClCompile>
    <ClCompile Include="..\calculation\satscan_data\SpaceTimePermutationDataSetHandler.cpp">
      <Filter>Source Files\calculation\satscan_data</Filter>
    </ClCompile>
    <ClCompile Include="..\calculation\satscan_data\SVTTData.cpp">
      <Filter>Source Files\calculation\satscan_data</Filter>
    </ClCompile>
    <ClCompile Include="..\calculation\satscan_data\Tracts.cpp">
      <Filter>Source Files\calculation\satscan_data</Filter>
    </ClCompile>
    <ClCompile Include="..\calculation\randomization\BernoulliRandomizer.cpp">
      <Filter>Source Files\calculation\randomization</Filter>
    </ClCompile>
    <ClCompile Include="..\calculation\randomization\DenominatorDataRandomizer.cpp">
      <Filter>Source Files\calculation\randomization</Filter>
    </ClCompile>
    <ClCompile Include="..\calculation\randomization\ExponentialRandomizer.cpp">
      <Filter>Source Files\calculation\randomization</Filter>
    </ClCompile>
    <ClCompile Include="..\calculation\randomization\HomogeneousPoissonRandomizer.cpp">
      <Filter>Source Files\calculation\randomization</Filter>
    </ClCompile>
    <ClCompile Include="..\calculation\randomization\NormalRandomizer.cpp">
      <Filter>Source Files\calculation\randomization</Filter>
    </ClCompile>
    <ClCompile Include="..\calculation\randomization\OrdinalDataRandomizer.cpp">
      <Filter>Source Files\calculation\randomization</Filter>
    </ClCompile>
    <ClCompile Include="..\calculation\randomization\PermutationDataRandomizer.cpp">
      <Filter>Source Files\calculation\randomization</Filter>
    </ClCompile>
    <ClCompile Include="..\calculation\randomization\PoissonRandomizer.cpp">
      <Filter>Source Files\calculation\randomization</Filter>
    </ClCompile>
    <ClCompile Include="..\calculation\randomization\Randomizer.cpp">
      <Filter>Source Files\calculation\randomization</Filter>
    </ClCompile>
    <ClCompile Include="..\calculation\randomization\RankRandomizer.cpp">
      <Filter>Source Files\calculation\randomization</Filter>
    </ClCompile>
    <ClCompile Include="..\calculation\randomization\SpaceTimeRandomizer.cpp">
      <Filter>Source Files\calculation\randomization</Filter>
    </ClCompile>
    <ClCompile Include="..\calculation\randomization\WeightedNormalRandomizer.cpp">
      <Filter>Source Files\calculation\randomization</Filter>
    </ClCompile>
    <ClCompile Include="..\calculation\probability_model\BernoulliModel.cpp">
      <Filter>Source Files\calculation\probability_model</Filter>
    </ClCompile>
    <ClCompile Include="..\calculation\probability_model\ExponentialModel.cpp">
      <Filter>Source Files\calculation\probability_model</Filter>
    </ClCompile>
    <ClCompile Include="..\calculation\probability_model\HomogeneousPoissonModel.cpp">
      <Filter>Source Files\calculation\probability_model</Filter>
    </ClCompile>
    <ClCompile Include="..\calculation\probability_model\NormalModel.cpp">
      <Filter>Source Files\calculation\probability_model</Filter>
    </ClCompile>
    <ClCompile Include="..\calculation\probability_model\OrdinalModel.cpp">
      <Filter>Source Files\calculation\probability_model</Filter>
    </ClCompile>
    <ClCompile Include="..\calculation\probability_model\PoissonModel.cpp">
      <Filter>Source Files\calculation\probability_model</Filter>
    </ClCompile>
    <ClCompile Include="..\calculation\probability_model\ProbabilityModel.cpp">
      <Filter>Source Files\calculation\probability_model</Filter>
    </ClCompile>
    <ClCompile Include="..\calculation\probability_model\RankModel.cpp">
      <Filter>Source Files\calculation\probability_model</Filter>
    </ClCompile>
    <ClCompile Include="..\calculation\probability_model\UniformTimeModel.cpp">
      <Filter>Source Files\calculation\probability_model</Filter>
    </ClCompile>
    <ClCompile Include="..\calculation\probability_model\SpaceTimePermutationModel.cpp">
      <Filter>Source Files\calculation\probability_model</Filter>
    </ClCompile>
    <ClCompile Include="..\calculation\Output\AsciiPrintFormat.cpp">
      <Filter>Source Files\calculation\print</Filter>
    </ClCompile>
    <ClCompile Include="..\calculation\print\BasePrint.cpp">
      <Filter>Source Files\calculation\print</Filter>
    </ClCompile>
    <ClCompile Include="..\calculation\print\PrintQueue.cpp">
      <Filter>Source Files\calculation\print</Filter>
    </ClCompile>
    <ClCompile Include="..\calculation\print\PrintScreen.cpp">
      <Filter>Source Files\calculation\print</Filter>
    </ClCompile>
    <ClCompile Include="..\calculation\Output\AbstractDataFileWriter.cpp">
      <Filter>Source Files\calculation\Output</Filter>
    </ClCompile>
    <ClCompile Include="..\calculation\Output\ClusterInformationWriter.cpp">
      <Filter>Source Files\calculation\Output</Filter>
    </ClCompile>
    <ClCompile Include="..\calculation\Output\ClusterKML.cpp">
      <Filter>Source Files\calculation\Output</Filter>
    </ClCompile>
    <ClCompile Include="..\calculation\Output\ClusterLocationsWriter.cpp">
      <Filter>Source Files\calculation\Output</Filter>
    </ClCompile>
    <ClCompile Include="..\calculation\Output\ClusterScatterChart.cpp">
      <Filter>Source Files\calculation\Output</Filter>
    </ClCompile>
    <ClCompile Include="..\calculation\Output\LocationRiskEstimateWriter.cpp">
      <Filter>Source Files\calculation\Output</Filter>
    </ClCompile>
    <ClCompile Include="..\calculation\Output\LoglikelihoodRatioWriter.cpp">
      <Filter>Source Files\calculation\Output</Filter>
    </ClCompile>
    <ClCompile Include="..\calculation\Output\ShapeFileWriter.cpp">
      <Filter>Source Files\calculation\Output</Filter>
    </ClCompile>
    <ClCompile Include="..\calculation\Output\stsASCIIFileWriter.cpp">
      <Filter>Source Files\calculation\Output</Filter>
    </ClCompile>
    <ClCompile Include="..\calculation\Output\stsDBaseFileWriter.cpp">
      <Filter>Source Files\calculation\Output</Filter>
    </ClCompile>
    <ClCompile Include="..\calculation\Output\stsRunHistoryFile.cpp">
      <Filter>Source Files\calculation\Output</Filter>
    </ClCompile>
    <ClCompile Include="..\boost\boost_1_68_0\libs\regex\src\cpp_regex_traits.cpp">
      <Filter>Source Files\boost\regex</Filter>
    </ClCompile>
    <ClCompile Include="..\boost\boost_1_68_0\libs\regex\src\c_regex_traits.cpp">
      <Filter>Source Files\boost\regex</Filter>
    </ClCompile>
    <ClCompile Include="..\boost\boost_1_68_0\libs\regex\src\cregex.cpp">
      <Filter>Source Files\boost\regex</Filter>
    </ClCompile>
    <ClCompile Include="..\boost\boost_1_68_0\libs\regex\src\fileiter.cpp">
      <Filter>Source Files\boost\regex</Filter>
    </ClCompile>
    <ClCompile Include="..\boost\boost_1_68_0\libs\regex\src\icu.cpp">
      <Filter>Source Files\boost\regex</Filter>
    </ClCompile>
    <ClCompile Include="..\boost\boost_1_68_0\libs\regex\src\instances.cpp">
      <Filter>Source Files\boost\regex</Filter>
    </ClCompile>
    <ClCompile Include="..\boost\boost_1_68_0\libs\regex\src\posix_api.cpp">
      <Filter>Source Files\boost\regex</Filter>
    </ClCompile>
    <ClCompile Include="..\boost\boost_1_68_0\libs\regex\src\regex.cpp">
      <Filter>Source Files\boost\regex</Filter>
    </ClCompile>
    <ClCompile Include="..\boost\boost_1_68_0\libs\regex\src\regex_debug.cpp">
      <Filter>Source Files\boost\regex</Filter>
    </ClCompile>
    <ClCompile Include="..\boost\boost_1_68_0\libs\regex\src\regex_raw_buffer.cpp">
      <Filter>Source Files\boost\regex</Filter>
    </ClCompile>
    <ClCompile Include="..\boost\boost_1_68_0\libs\regex\src\regex_traits_defaults.cpp">
      <Filter>Source Files\boost\regex</Filter>
    </ClCompile>
    <ClCompile Include="..\boost\boost_1_68_0\libs\regex\src\static_mutex.cpp">
      <Filter>Source Files\boost\regex</Filter>
    </ClCompile>
    <ClCompile Include="..\boost\boost_1_68_0\libs\thread\src\win32\thread.cpp">
      <Filter>Source Files\boost\threads</Filter>
    </ClCompile>
    <ClCompile Include="..\boost\boost_1_68_0\libs\regex\src\usinstances.cpp">
      <Filter>Source Files\boost\regex</Filter>
    </ClCompile>
    <ClCompile Include="..\boost\boost_1_68_0\libs\regex\src\w32_regex_traits.cpp">
      <Filter>Source Files\boost\regex</Filter>
    </ClCompile>
    <ClCompile Include="..\boost\boost_1_68_0\libs\regex\src\wc_regex_traits.cpp">
      <Filter>Source Files\boost\regex</Filter>
    </ClCompile>
    <ClCompile Include="..\boost\boost_1_68_0\libs\regex\src\wide_posix_api.cpp">
      <Filter>Source Files\boost\regex</Filter>
    </ClCompile>
    <ClCompile Include="..\boost\boost_1_68_0\libs\regex\src\winstances.cpp">
      <Filter>Source Files\boost\regex</Filter>
    </ClCompile>
    <ClCompile Include="..\boost\boost_1_68_0\libs\program_options\src\cmdline.cpp">
      <Filter>Source Files\boost\program_options</Filter>
    </ClCompile>
    <ClCompile Include="..\boost\boost_1_68_0\libs\program_options\src\config_file.cpp">
      <Filter>Source Files\boost\program_options</Filter>
    </ClCompile>
    <ClCompile Include="..\boost\boost_1_68_0\libs\program_options\src\convert.cpp">
      <Filter>Source Files\boost\program_options</Filter>
    </ClCompile>
    <ClCompile Include="..\boost\boost_1_68_0\libs\program_options\src\options_description.cpp">
      <Filter>Source Files\boost\program_options</Filter>
    </ClCompile>
    <ClCompile Include="..\boost\boost_1_68_0\libs\program_options\src\parsers.cpp">
      <Filter>Source Files\boost\program_options</Filter>
    </ClCompile>
    <ClCompile Include="..\boost\boost_1_68_0\libs\program_options\src\positional_options.cpp">
      <Filter>Source Files\boost\program_options</Filter>
    </ClCompile>
    <ClCompile Include="..\boost\boost_1_68_0\libs\program_options\src\split.cpp">
      <Filter>Source Files\boost\program_options</Filter>
    </ClCompile>
    <ClCompile Include="..\boost\boost_1_68_0\libs\program_options\src\utf8_codecvt_facet.cpp">
      <Filter>Source Files\boost\program_options</Filter>
    </ClCompile>
    <ClCompile Include="..\boost\boost_1_68_0\libs\program_options\src\value_semantic.cpp">
      <Filter>Source Files\boost\program_options</Filter>
    </ClCompile>
    <ClCompile Include="..\boost\boost_1_68_0\libs\program_options\src\variables_map.cpp">
      <Filter>Source Files\boost\program_options</Filter>
    </ClCompile>
    <ClCompile Include="..\boost\boost_1_68_0\libs\program_options\src\winmain.cpp">
      <Filter>Source Files\boost\program_options</Filter>
    </ClCompile>
    <ClCompile Include="ParameterProgramOptions.cpp">
      <Filter>Source Files\batch_application</Filter>
    </ClCompile>
    <ClCompile Include="..\boost\boost_1_68_0\libs\chrono\src\chrono.cpp">
      <Filter>Source Files\boost\chrono</Filter>
    </ClCompile>
    <ClCompile Include="..\boost\boost_1_68_0\libs\chrono\src\process_cpu_clocks.cpp">
      <Filter>Source Files\boost\chrono</Filter>
    </ClCompile>
    <ClCompile Include="..\boost\boost_1_68_0\libs\chrono\src\thread_clock.cpp">
      <Filter>Source Files\boost\chrono</Filter>
    </ClCompile>
    <ClCompile Include="..\boost\boost_1_68_0\libs\system\src\error_code.cpp">
      <Filter>Source Files\boost\system</Filter>
    </ClCompile>
    <ClCompile Include="..\calculation\utility\DateStringParser.cpp">
      <Filter>Source Files\calculation\utility</Filter>
    </ClCompile>
    <ClCompile Include="..\calculation\Output\ChartGenerator.cpp">
      <Filter>Source Files\calculation\Output</Filter>
    </ClCompile>
    <ClCompile Include="..\calculation\utility\ZipUtils.cpp">
      <Filter>Source Files\calculation\utility</Filter>
    </ClCompile>
    <ClCompile Include="..\calculation\Output\GisUtils.cpp">
      <Filter>Source Files\calculation\Output</Filter>
    </ClCompile>
    <ClCompile Include="..\calculation\utility\OliveiraJobSource.cpp">
      <Filter>Source Files\calculation\utility</Filter>
    </ClCompile>
    <ClCompile Include="..\calculation\utility\OliveiraFunctor.cpp">
      <Filter>Source Files\calculation\utility</Filter>
    </ClCompile>
    <ClCompile Include="..\calculation\analysis_run\LocationRelevance.cpp">
      <Filter>Header Files\calculation\analysis_run</Filter>
    </ClCompile>
    <ClCompile Include="..\calculation\satscan_data\ClosedLoopData.cpp">
      <Filter>Source Files\calculation\satscan_data</Filter>
    </ClCompile>
    <ClCompile Include="..\..\..\boost\boost_1_68_0\libs\filesystem\src\codecvt_error_category.cpp">
      <Filter>Source Files\boost\filesystem</Filter>
    </ClCompile>
    <ClCompile Include="..\..\..\boost\boost_1_68_0\libs\filesystem\src\operations.cpp">
      <Filter>Source Files\boost\filesystem</Filter>
    </ClCompile>
    <ClCompile Include="..\..\..\boost\boost_1_68_0\libs\filesystem\src\path.cpp">
      <Filter>Source Files\boost\filesystem</Filter>
    </ClCompile>
    <ClCompile Include="..\..\..\boost\boost_1_68_0\libs\filesystem\src\path_traits.cpp">
      <Filter>Source Files\boost\filesystem</Filter>
    </ClCompile>
    <ClCompile Include="..\..\..\boost\boost_1_68_0\libs\filesystem\src\portability.cpp">
      <Filter>Source Files\boost\filesystem</Filter>
    </ClCompile>
    <ClCompile Include="..\..\..\boost\boost_1_68_0\libs\filesystem\src\unique_path.cpp">
      <Filter>Source Files\boost\filesystem</Filter>
    </ClCompile>
    <ClCompile Include="..\..\..\boost\boost_1_68_0\libs\filesystem\src\utf8_codecvt_facet.cpp">
      <Filter>Source Files\boost\filesystem</Filter>
    </ClCompile>
    <ClCompile Include="..\..\..\boost\boost_1_68_0\libs\filesystem\src\windows_file_codecvt.cpp">
      <Filter>Source Files\boost\filesystem</Filter>
    </ClCompile>
    <ClCompile Include="..\calculation\Output\ClusterMap.cpp">
      <Filter>Source Files\calculation\Output</Filter>
    </ClCompile>
  </ItemGroup>
  <ItemGroup>
    <ClInclude Include="..\calculation\IniParameterFileAccess.h">
      <Filter>Header Files\calculation</Filter>
    </ClInclude>
    <ClInclude Include="..\calculation\IniParameterSpecification.h">
      <Filter>Header Files\calculation</Filter>
    </ClInclude>
    <ClInclude Include="..\calculation\ParameterFileAccess.h">
      <Filter>Header Files\calculation</Filter>
    </ClInclude>
    <ClInclude Include="..\calculation\Parameters.h">
      <Filter>Header Files\calculation</Filter>
    </ClInclude>
    <ClInclude Include="..\calculation\ParametersPrint.h">
      <Filter>Header Files\calculation</Filter>
    </ClInclude>
    <ClInclude Include="..\calculation\ParametersValidate.h">
      <Filter>Header Files\calculation</Filter>
    </ClInclude>
    <ClInclude Include="..\calculation\RunTimeComponents.h">
      <Filter>Header Files\calculation</Filter>
    </ClInclude>
    <ClInclude Include="..\calculation\SaTScan.h">
      <Filter>Header Files\calculation</Filter>
    </ClInclude>
    <ClInclude Include="..\calculation\ScanLineParameterFileAccess.h">
      <Filter>Header Files\calculation</Filter>
    </ClInclude>
    <ClInclude Include="..\calculation\Toolkit.h">
      <Filter>Header Files\calculation</Filter>
    </ClInclude>
    <ClInclude Include="..\calculation\analysis\AbstractAnalysis.h">
      <Filter>Header Files\calculation\analysis</Filter>
    </ClInclude>
    <ClInclude Include="..\calculation\analysis\AbstractBruteForceAnalysis.h">
      <Filter>Header Files\calculation\analysis</Filter>
    </ClInclude>
    <ClInclude Include="..\calculation\analysis\AbstractCentricAnalysis.h">
      <Filter>Header Files\calculation\analysis</Filter>
    </ClInclude>
    <ClInclude Include="..\calculation\analysis\Analysis.h">
      <Filter>Header Files\calculation\analysis</Filter>
    </ClInclude>
    <ClInclude Include="..\calculation\analysis\IntermediateClustersContainer.h">
      <Filter>Header Files\calculation\analysis</Filter>
    </ClInclude>
    <ClInclude Include="..\calculation\analysis\MeasureList.h">
      <Filter>Header Files\calculation\analysis</Filter>
    </ClInclude>
    <ClInclude Include="..\calculation\analysis\PurelySpatialAnalysis.h">
      <Filter>Header Files\calculation\analysis</Filter>
    </ClInclude>
    <ClInclude Include="..\calculation\analysis\PurelySpatialBruteForceAnalysis.h">
      <Filter>Header Files\calculation\analysis</Filter>
    </ClInclude>
    <ClInclude Include="..\calculation\analysis\PurelySpatialCentricAnalysis.h">
      <Filter>Header Files\calculation\analysis</Filter>
    </ClInclude>
    <ClInclude Include="..\calculation\analysis\PurelySpatialMonotoneAnalysis.h">
      <Filter>Header Files\calculation\analysis</Filter>
    </ClInclude>
    <ClInclude Include="..\calculation\analysis\PurelyTemporalAnalysis.h">
      <Filter>Header Files\calculation\analysis</Filter>
    </ClInclude>
    <ClInclude Include="..\calculation\analysis\SignificantRatios05.h">
      <Filter>Header Files\calculation\analysis</Filter>
    </ClInclude>
    <ClInclude Include="..\calculation\analysis\SpaceTimeAnalysis.h">
      <Filter>Header Files\calculation\analysis</Filter>
    </ClInclude>
    <ClInclude Include="..\calculation\analysis\SpaceTimeCentricAnalysis.h">
      <Filter>Header Files\calculation\analysis</Filter>
    </ClInclude>
    <ClInclude Include="..\calculation\analysis\SpaceTimeIncludePureAnalysis.h">
      <Filter>Header Files\calculation\analysis</Filter>
    </ClInclude>
    <ClInclude Include="..\calculation\analysis\SpaceTimeIncludePureCentricAnalysis.h">
      <Filter>Header Files\calculation\analysis</Filter>
    </ClInclude>
    <ClInclude Include="..\calculation\analysis\SpaceTimeIncludePurelySpatialAnalysis.h">
      <Filter>Header Files\calculation\analysis</Filter>
    </ClInclude>
    <ClInclude Include="..\calculation\analysis\SpaceTimeIncludePurelySpatialCentricAnalysis.h">
      <Filter>Header Files\calculation\analysis</Filter>
    </ClInclude>
    <ClInclude Include="..\calculation\analysis\SpaceTimeIncludePurelyTemporalAnalysis.h">
      <Filter>Header Files\calculation\analysis</Filter>
    </ClInclude>
    <ClInclude Include="..\calculation\analysis\SpaceTimeIncludePurelyTemporalCentricAnalysis.h">
      <Filter>Header Files\calculation\analysis</Filter>
    </ClInclude>
    <ClInclude Include="..\calculation\analysis\SVTTAnalysis.h">
      <Filter>Header Files\calculation\analysis</Filter>
    </ClInclude>
    <ClInclude Include="..\calculation\analysis\SVTTCentricAnalysis.h">
      <Filter>Header Files\calculation\analysis</Filter>
    </ClInclude>
    <ClInclude Include="..\calculation\analysis_run\AnalysisRun.h">
      <Filter>Header Files\calculation\analysis_run</Filter>
    </ClInclude>
    <ClInclude Include="..\calculation\analysis_run\MostLikelyClustersContainer.h">
      <Filter>Header Files\calculation\analysis_run</Filter>
    </ClInclude>
    <ClInclude Include="..\calculation\analysis_run\SimulationVariables.h">
      <Filter>Header Files\calculation\analysis_run</Filter>
    </ClInclude>
    <ClInclude Include="..\calculation\cluster\AbstractClusterData.h">
      <Filter>Header Files\calculation\cluster</Filter>
    </ClInclude>
    <ClInclude Include="..\calculation\cluster\AbstractClusterDataFactory.h">
      <Filter>Header Files\calculation\cluster</Filter>
    </ClInclude>
    <ClInclude Include="..\calculation\cluster\UniformTimeClusterDataFactory.h">
      <Filter>Header Files\calculation\cluster</Filter>
    </ClInclude>
    <ClInclude Include="..\calculation\cluster\CategoricalClusterData.h">
      <Filter>Header Files\calculation\cluster</Filter>
    </ClInclude>
    <ClInclude Include="..\calculation\cluster\CategoricalClusterDataFactory.h">
      <Filter>Header Files\calculation\cluster</Filter>
    </ClInclude>
    <ClInclude Include="..\calculation\cluster\cluster.h">
      <Filter>Header Files\calculation\cluster</Filter>
    </ClInclude>
    <ClInclude Include="..\calculation\cluster\ClusterData.h">
      <Filter>Header Files\calculation\cluster</Filter>
    </ClInclude>
    <ClInclude Include="..\calculation\cluster\ClusterDataFactory.h">
      <Filter>Header Files\calculation\cluster</Filter>
    </ClInclude>
    <ClInclude Include="..\calculation\cluster\IncidentRate.h">
      <Filter>Header Files\calculation\cluster</Filter>
    </ClInclude>
    <ClInclude Include="..\calculation\cluster\MultiSetCategoricalClusterData.h">
      <Filter>Header Files\calculation\cluster</Filter>
    </ClInclude>
    <ClInclude Include="..\calculation\cluster\MultiSetClusterData.h">
      <Filter>Header Files\calculation\cluster</Filter>
    </ClInclude>
    <ClInclude Include="..\calculation\cluster\MultiSetNormalClusterData.h">
      <Filter>Header Files\calculation\cluster</Filter>
    </ClInclude>
    <ClInclude Include="..\calculation\cluster\NormalClusterData.h">
      <Filter>Header Files\calculation\cluster</Filter>
    </ClInclude>
    <ClInclude Include="..\calculation\cluster\UniformTimeClusterData.h">
      <Filter>Header Files\calculation\cluster</Filter>
    </ClInclude>
    <ClInclude Include="..\calculation\cluster\MultiSetUniformTimeClusterData.h">
      <Filter>Header Files\calculation\cluster</Filter>
    </ClInclude>
    <ClInclude Include="..\calculation\cluster\NormalClusterDataFactory.h">
      <Filter>Header Files\calculation\cluster</Filter>
    </ClInclude>
    <ClInclude Include="..\calculation\cluster\PurelySpatialCluster.h">
      <Filter>Header Files\calculation\cluster</Filter>
    </ClInclude>
    <ClInclude Include="..\calculation\cluster\PurelySpatialHomogeneousPoissonCluster.h">
      <Filter>Header Files\calculation\cluster</Filter>
    </ClInclude>
    <ClInclude Include="..\calculation\cluster\PurelySpatialMonotoneCluster.h">
      <Filter>Header Files\calculation\cluster</Filter>
    </ClInclude>
    <ClInclude Include="..\calculation\cluster\PurelySpatialProspectiveCluster.h">
      <Filter>Header Files\calculation\cluster</Filter>
    </ClInclude>
    <ClInclude Include="..\calculation\cluster\PurelyTemporalCluster.h">
      <Filter>Header Files\calculation\cluster</Filter>
    </ClInclude>
    <ClInclude Include="..\calculation\cluster\SpaceTimeCluster.h">
      <Filter>Header Files\calculation\cluster</Filter>
    </ClInclude>
    <ClInclude Include="..\calculation\cluster\SVTTCluster.h">
      <Filter>Header Files\calculation\cluster</Filter>
    </ClInclude>
    <ClInclude Include="..\calculation\cluster\TimeIntervalRange.h">
      <Filter>Header Files\calculation\cluster</Filter>
    </ClInclude>
    <ClInclude Include="..\calculation\cluster\TimeIntervals.h">
      <Filter>Header Files\calculation\cluster</Filter>
    </ClInclude>
    <ClInclude Include="..\calculation\cluster\TimeTrend.h">
      <Filter>Header Files\calculation\cluster</Filter>
    </ClInclude>
    <ClInclude Include="..\calculation\Output\AbstractDataFileWriter.h">
      <Filter>Header Files\calculation\Output</Filter>
    </ClInclude>
    <ClInclude Include="..\calculation\Output\AsciiPrintFormat.h">
      <Filter>Header Files\calculation\Output</Filter>
    </ClInclude>
    <ClInclude Include="..\calculation\Output\ClusterInformationWriter.h">
      <Filter>Header Files\calculation\Output</Filter>
    </ClInclude>
    <ClInclude Include="..\calculation\Output\ClusterKML.h">
      <Filter>Header Files\calculation\Output</Filter>
    </ClInclude>
    <ClInclude Include="..\calculation\Output\ClusterLocationsWriter.h">
      <Filter>Header Files\calculation\Output</Filter>
    </ClInclude>
    <ClInclude Include="..\calculation\Output\ClusterScatterChart.h">
      <Filter>Header Files\calculation\Output</Filter>
    </ClInclude>
    <ClInclude Include="..\calculation\Output\LocationRiskEstimateWriter.h">
      <Filter>Header Files\calculation\Output</Filter>
    </ClInclude>
    <ClInclude Include="..\calculation\Output\LoglikelihoodRatioWriter.h">
      <Filter>Header Files\calculation\Output</Filter>
    </ClInclude>
    <ClInclude Include="..\calculation\Output\ShapeFileWriter.h">
      <Filter>Header Files\calculation\Output</Filter>
    </ClInclude>
    <ClInclude Include="..\calculation\Output\stsASCIIFileWriter.h">
      <Filter>Header Files\calculation\Output</Filter>
    </ClInclude>
    <ClInclude Include="..\calculation\Output\stsDBaseFileWriter.h">
      <Filter>Header Files\calculation\Output</Filter>
    </ClInclude>
    <ClInclude Include="..\calculation\Output\stsRunHistoryFile.h">
      <Filter>Header Files\calculation\Output</Filter>
    </ClInclude>
    <ClInclude Include="..\calculation\print\BasePrint.h">
      <Filter>Header Files\calculation\print</Filter>
    </ClInclude>
    <ClInclude Include="..\calculation\print\PrintQueue.h">
      <Filter>Header Files\calculation\print</Filter>
    </ClInclude>
    <ClInclude Include="..\calculation\print\PrintScreen.h">
      <Filter>Header Files\calculation\print</Filter>
    </ClInclude>
    <ClInclude Include="..\calculation\loglikelihood\BernoulliLikelihoodCalculation.h">
      <Filter>Header Files\calculation\loglikelihood</Filter>
    </ClInclude>
    <ClInclude Include="..\calculation\loglikelihood\UniformTimeLikelihoodCalculation.h">
      <Filter>Header Files\calculation\loglikelihood</Filter>
    </ClInclude>
    <ClInclude Include="..\calculation\loglikelihood\LikelihoodCalculation.h">
      <Filter>Header Files\calculation\loglikelihood</Filter>
    </ClInclude>
    <ClInclude Include="..\calculation\loglikelihood\LoglikelihoodRatioUnifier.h">
      <Filter>Header Files\calculation\loglikelihood</Filter>
    </ClInclude>
    <ClInclude Include="..\calculation\loglikelihood\NormalLikelihoodCalculation.h">
      <Filter>Header Files\calculation\loglikelihood</Filter>
    </ClInclude>
    <ClInclude Include="..\calculation\loglikelihood\OrdinalLikelihoodCalculation.h">
      <Filter>Header Files\calculation\loglikelihood</Filter>
    </ClInclude>
    <ClInclude Include="..\calculation\loglikelihood\PoissonLikelihoodCalculation.h">
      <Filter>Header Files\calculation\loglikelihood</Filter>
    </ClInclude>
    <ClInclude Include="..\calculation\loglikelihood\PoissonSVTTLikelihoodCalculation.h">
      <Filter>Header Files\calculation\loglikelihood</Filter>
    </ClInclude>
    <ClInclude Include="..\calculation\loglikelihood\WeightedNormalCovariatesLikelihoodCalculation.h">
      <Filter>Header Files\calculation\loglikelihood</Filter>
    </ClInclude>
    <ClInclude Include="..\calculation\loglikelihood\WeightedNormalLikelihoodCalculation.h">
      <Filter>Header Files\calculation\loglikelihood</Filter>
    </ClInclude>
    <ClInclude Include="..\calculation\loglikelihood\WilcoxonLikelihoodCalculation.h">
      <Filter>Header Files\calculation\loglikelihood</Filter>
    </ClInclude>
    <ClInclude Include="..\calculation\probability_model\BernoulliModel.h">
      <Filter>Header Files\calculation\probability_model</Filter>
    </ClInclude>
    <ClInclude Include="..\calculation\probability_model\ExponentialModel.h">
      <Filter>Header Files\calculation\probability_model</Filter>
    </ClInclude>
    <ClInclude Include="..\calculation\probability_model\HomogeneousPoissonModel.h">
      <Filter>Header Files\calculation\probability_model</Filter>
    </ClInclude>
    <ClInclude Include="..\calculation\probability_model\NormalModel.h">
      <Filter>Header Files\calculation\probability_model</Filter>
    </ClInclude>
    <ClInclude Include="..\calculation\probability_model\PoissonModel.h">
      <Filter>Header Files\calculation\probability_model</Filter>
    </ClInclude>
    <ClInclude Include="..\calculation\probability_model\ProbabilityModel.h">
      <Filter>Header Files\calculation\probability_model</Filter>
    </ClInclude>
    <ClInclude Include="..\calculation\probability_model\RankModel.h">
      <Filter>Header Files\calculation\probability_model</Filter>
    </ClInclude>
    <ClInclude Include="..\calculation\probability_model\UniformTimeModel.h">
      <Filter>Header Files\calculation\probability_model</Filter>
    </ClInclude>
    <ClInclude Include="..\calculation\probability_model\SpaceTimePermutationModel.h">
      <Filter>Header Files\calculation\probability_model</Filter>
    </ClInclude>
    <ClInclude Include="..\calculation\randomization\BernoulliRandomizer.h">
      <Filter>Header Files\calculation\randomization</Filter>
    </ClInclude>
    <ClInclude Include="..\calculation\randomization\DenominatorDataRandomizer.h">
      <Filter>Header Files\calculation\randomization</Filter>
    </ClInclude>
    <ClInclude Include="..\calculation\randomization\ExponentialRandomizer.h">
      <Filter>Header Files\calculation\randomization</Filter>
    </ClInclude>
    <ClInclude Include="..\calculation\randomization\HomogeneousPoissonRandomizer.h">
      <Filter>Header Files\calculation\randomization</Filter>
    </ClInclude>
    <ClInclude Include="..\calculation\randomization\NormalRandomizer.h">
      <Filter>Header Files\calculation\randomization</Filter>
    </ClInclude>
    <ClInclude Include="..\calculation\randomization\OrdinalDataRandomizer.h">
      <Filter>Header Files\calculation\randomization</Filter>
    </ClInclude>
    <ClInclude Include="..\calculation\randomization\PermutationDataRandomizer.h">
      <Filter>Header Files\calculation\randomization</Filter>
    </ClInclude>
    <ClInclude Include="..\calculation\randomization\PoissonRandomizer.h">
      <Filter>Header Files\calculation\randomization</Filter>
    </ClInclude>
    <ClInclude Include="..\calculation\randomization\Randomizer.h">
      <Filter>Header Files\calculation\randomization</Filter>
    </ClInclude>
    <ClInclude Include="..\calculation\randomization\RankRandomizer.h">
      <Filter>Header Files\calculation\randomization</Filter>
    </ClInclude>
    <ClInclude Include="..\calculation\randomization\SpaceTimeRandomizer.h">
      <Filter>Header Files\calculation\randomization</Filter>
    </ClInclude>
    <ClInclude Include="..\calculation\randomization\WeightedNormalRandomizer.h">
      <Filter>Header Files\calculation\randomization</Filter>
    </ClInclude>
    <ClInclude Include="..\calculation\satscan_data\AdjustmentHandler.h">
      <Filter>Header Files\calculation\satscan_data</Filter>
    </ClInclude>
    <ClInclude Include="..\calculation\satscan_data\BernoulliDataSetHandler.h">
      <Filter>Header Files\calculation\satscan_data</Filter>
    </ClInclude>
    <ClInclude Include="..\calculation\probability_model\CalculateMeasure.h">
      <Filter>Header Files\calculation\satscan_data</Filter>
    </ClInclude>
    <ClInclude Include="..\calculation\satscan_data\CentroidNeighbors.h">
      <Filter>Header Files\calculation\satscan_data</Filter>
    </ClInclude>
    <ClInclude Include="..\calculation\satscan_data\DataSet.h">
      <Filter>Header Files\calculation\satscan_data</Filter>
    </ClInclude>
    <ClInclude Include="..\calculation\satscan_data\DataSetGateway.h">
      <Filter>Header Files\calculation\satscan_data</Filter>
    </ClInclude>
    <ClInclude Include="..\calculation\satscan_data\DataSetHandler.h">
      <Filter>Header Files\calculation\satscan_data</Filter>
    </ClInclude>
    <ClInclude Include="..\calculation\satscan_data\DataSetInterface.h">
      <Filter>Header Files\calculation\satscan_data</Filter>
    </ClInclude>
    <ClInclude Include="..\calculation\satscan_data\DataSetReader.h">
      <Filter>Header Files\calculation\satscan_data</Filter>
    </ClInclude>
    <ClInclude Include="..\calculation\satscan_data\DataSetWriter.h">
      <Filter>Header Files\calculation\satscan_data</Filter>
    </ClInclude>
    <ClInclude Include="..\calculation\satscan_data\DataSource.h">
      <Filter>Header Files\calculation\satscan_data</Filter>
    </ClInclude>
    <ClInclude Include="..\calculation\utility\DateStringParser.h">
      <Filter>Header Files\calculation\satscan_data</Filter>
    </ClInclude>
    <ClInclude Include="..\calculation\satscan_data\ExponentialDataSetHandler.h">
      <Filter>Header Files\calculation\satscan_data</Filter>
    </ClInclude>
    <ClInclude Include="..\calculation\satscan_data\GridTractCoordinates.h">
      <Filter>Header Files\calculation\satscan_data</Filter>
    </ClInclude>
    <ClInclude Include="..\calculation\satscan_data\HomogeneousPoissonDataSetHandler.h">
      <Filter>Header Files\calculation\satscan_data</Filter>
    </ClInclude>
    <ClInclude Include="..\calculation\satscan_data\MakeNeighbors.h">
      <Filter>Header Files\calculation\satscan_data</Filter>
    </ClInclude>
    <ClInclude Include="..\calculation\satscan_data\MaxWindowLengthIndicator.h">
      <Filter>Header Files\calculation\satscan_data</Filter>
    </ClInclude>
    <ClInclude Include="..\calculation\satscan_data\MetaTractManager.h">
      <Filter>Header Files\calculation\satscan_data</Filter>
    </ClInclude>
    <ClInclude Include="..\calculation\satscan_data\NormalDataSetHandler.h">
      <Filter>Header Files\calculation\satscan_data</Filter>
    </ClInclude>
    <ClInclude Include="..\calculation\satscan_data\ObservableRegion.h">
      <Filter>Header Files\calculation\satscan_data</Filter>
    </ClInclude>
    <ClInclude Include="..\calculation\satscan_data\OrdinalDataSetHandler.h">
      <Filter>Header Files\calculation\satscan_data</Filter>
    </ClInclude>
    <ClInclude Include="..\calculation\probability_model\OrdinalModel.h">
      <Filter>Header Files\calculation\satscan_data</Filter>
    </ClInclude>
    <ClInclude Include="..\calculation\satscan_data\PoissonDataSetHandler.h">
      <Filter>Header Files\calculation\satscan_data</Filter>
    </ClInclude>
    <ClInclude Include="..\calculation\satscan_data\PopulationData.h">
      <Filter>Header Files\calculation\satscan_data</Filter>
    </ClInclude>
    <ClInclude Include="..\calculation\satscan_data\PurelySpatialData.h">
      <Filter>Header Files\calculation\satscan_data</Filter>
    </ClInclude>
    <ClInclude Include="..\calculation\satscan_data\PurelyTemporalData.h">
      <Filter>Header Files\calculation\satscan_data</Filter>
    </ClInclude>
    <ClInclude Include="..\calculation\satscan_data\RankDataSetHandler.h">
      <Filter>Header Files\calculation\satscan_data</Filter>
    </ClInclude>
    <ClInclude Include="..\calculation\satscan_data\UniformTimeDataSetHandler.h">
      <Filter>Header Files\calculation\satscan_data</Filter>
    </ClInclude>
    <ClInclude Include="..\calculation\satscan_data\SaTScanData.h">
      <Filter>Header Files\calculation\satscan_data</Filter>
    </ClInclude>
    <ClInclude Include="..\calculation\satscan_data\SaTScanDataRead.h">
      <Filter>Header Files\calculation\satscan_data</Filter>
    </ClInclude>
    <ClInclude Include="..\calculation\satscan_data\SpaceTimeData.h">
      <Filter>Header Files\calculation\satscan_data</Filter>
    </ClInclude>
    <ClInclude Include="..\calculation\satscan_data\SpaceTimePermutationDataSetHandler.h">
      <Filter>Header Files\calculation\satscan_data</Filter>
    </ClInclude>
    <ClInclude Include="..\calculation\satscan_data\SVTTData.h">
      <Filter>Header Files\calculation\satscan_data</Filter>
    </ClInclude>
    <ClInclude Include="..\calculation\satscan_data\Tracts.h">
      <Filter>Header Files\calculation\satscan_data</Filter>
    </ClInclude>
    <ClInclude Include="..\calculation\utility\AsynchronouslyAccessible.h">
      <Filter>Header Files\calculation\utility</Filter>
    </ClInclude>
    <ClInclude Include="..\calculation\utility\contractor.h">
      <Filter>Header Files\calculation\utility</Filter>
    </ClInclude>
    <ClInclude Include="..\calculation\utility\dBaseFile.h">
      <Filter>Header Files\calculation\utility</Filter>
    </ClInclude>
    <ClInclude Include="..\calculation\utility\FieldDef.h">
      <Filter>Header Files\calculation\utility</Filter>
    </ClInclude>
    <ClInclude Include="..\calculation\utility\FileName.h">
      <Filter>Header Files\calculation\utility</Filter>
    </ClInclude>
    <ClInclude Include="..\calculation\utility\Ini.h">
      <Filter>Header Files\calculation\utility</Filter>
    </ClInclude>
    <ClInclude Include="..\calculation\utility\JulianDates.h">
      <Filter>Header Files\calculation\utility</Filter>
    </ClInclude>
    <ClInclude Include="..\calculation\utility\MultipleDimensionArrayHandler.h">
      <Filter>Header Files\calculation\utility</Filter>
    </ClInclude>
    <ClInclude Include="..\calculation\utility\ptr_vector.h">
      <Filter>Header Files\calculation\utility</Filter>
    </ClInclude>
    <ClInclude Include="..\calculation\utility\RandomDistribution.h">
      <Filter>Header Files\calculation\utility</Filter>
    </ClInclude>
    <ClInclude Include="..\calculation\utility\RandomNumberGenerator.h">
      <Filter>Header Files\calculation\utility</Filter>
    </ClInclude>
    <ClInclude Include="..\calculation\utility\ShapeFile.h">
      <Filter>Header Files\calculation\utility</Filter>
    </ClInclude>
    <ClInclude Include="..\calculation\utility\SSException.h">
      <Filter>Header Files\calculation\utility</Filter>
    </ClInclude>
    <ClInclude Include="..\calculation\utility\stsCentricAlgoFunctor.h">
      <Filter>Header Files\calculation\utility</Filter>
    </ClInclude>
    <ClInclude Include="..\calculation\utility\stsCentricAlgoJobSource.h">
      <Filter>Header Files\calculation\utility</Filter>
    </ClInclude>
    <ClInclude Include="..\calculation\utility\stsMCSimJobSource.h">
      <Filter>Header Files\calculation\utility</Filter>
    </ClInclude>
    <ClInclude Include="..\calculation\utility\stsMonteCarloSimFunctor.h">
      <Filter>Header Files\calculation\utility</Filter>
    </ClInclude>
    <ClInclude Include="..\calculation\utility\TimeStamp.h">
      <Filter>Header Files\calculation\utility</Filter>
    </ClInclude>
    <ClInclude Include="..\calculation\utility\UtilityFunctions.h">
      <Filter>Header Files\calculation\utility</Filter>
    </ClInclude>
    <ClInclude Include="..\calculation\analysis\IntermediateClustersContainer.hpp">
      <Filter>Header Files\calculation\analysis</Filter>
    </ClInclude>
    <ClInclude Include="..\calculation\cluster\ClusterSupplement.h">
      <Filter>Header Files\calculation\cluster</Filter>
    </ClInclude>
    <ClInclude Include="ParameterProgramOptions.h">
      <Filter>Header Files\batch_application</Filter>
    </ClInclude>
    <ClInclude Include="..\calculation\ParameterTypes.h">
      <Filter>Header Files\calculation</Filter>
    </ClInclude>
    <ClInclude Include="..\calculation\Output\ChartGenerator.h">
      <Filter>Header Files\calculation\Output</Filter>
    </ClInclude>
    <ClInclude Include="..\calculation\utility\ZipUtils.h">
      <Filter>Header Files\calculation\utility</Filter>
    </ClInclude>
    <ClInclude Include="..\calculation\Output\GisUtils.h">
      <Filter>Header Files\calculation\Output</Filter>
    </ClInclude>
    <ClInclude Include="..\calculation\utility\OliveiraJobSource.h">
      <Filter>Header Files\calculation\utility</Filter>
    </ClInclude>
    <ClInclude Include="..\calculation\utility\OliveiraFunctor.h">
      <Filter>Header Files\calculation\utility</Filter>
    </ClInclude>
    <ClInclude Include="..\calculation\analysis_run\LocationRelevance.h">
      <Filter>Header Files\calculation\analysis_run</Filter>
    </ClInclude>
    <ClInclude Include="..\calculation\satscan_data\ClosedLoopData.h">
      <Filter>Header Files\calculation\satscan_data</Filter>
    </ClInclude>
    <ClInclude Include="..\calculation\Output\ClusterMap.h">
      <Filter>Header Files\calculation\Output</Filter>
    </ClInclude>
  </ItemGroup>
</Project>