
Microsoft Visual Studio Solution File, Format Version 10.00
# Visual C++ Express 2008
Project("{8BC9CEB8-8B4A-11D0-8D11-00A0C91BC942}") = "vc.xbase", "xbase.vcproj", "{DBA7E68D-B067-4D8B-A7F9-585E42EE7DC8}"
EndProject
Global
	GlobalSection(SolutionConfigurationPlatforms) = preSolution
		Debug|Win32 = Debug|Win32
		Release|Win32 = Release|Win32
	EndGlobalSection
	GlobalSection(ProjectConfigurationPlatforms) = postSolution
		{DBA7E68D-B067-4D8B-A7F9-585E42EE7DC8}.Debug|Win32.ActiveCfg = Debug|Win32
		{DBA7E68D-B067-4D8B-A7F9-585E42EE7DC8}.Debug|Win32.Build.0 = Debug|Win32
		{DBA7E68D-B067-4D8B-A7F9-585E42EE7DC8}.Release|Win32.ActiveCfg = Release|Win32
		{DBA7E68D-B067-4D8B-A7F9-585E42EE7DC8}.Release|Win32.Build.0 = Release|Win32
	EndGlobalSection
	GlobalSection(SolutionProperties) = preSolution
		HideSolutionNode = FALSE
	EndGlobalSection
EndGlobal
