<?xml version="1.0" encoding="utf-8"?>
<Project ToolsVersion="4.0" xmlns="http://schemas.microsoft.com/developer/msbuild/2003">
  <ItemGroup>
    <Filter Include="Source Files">
      <UniqueIdentifier>{4FC737F1-C7A5-4376-A066-2A32D752A2FF}</UniqueIdentifier>
      <Extensions>cpp;c;cc;cxx;def;odl;idl;hpj;bat;asm;asmx</Extensions>
    </Filter>
    <Filter Include="Header Files">
      <UniqueIdentifier>{93995380-89BD-4b04-88EB-625FBE52EBFB}</UniqueIdentifier>
      <Extensions>h;hpp;hxx;hm;inl;inc;xsd</Extensions>
    </Filter>
    <Filter Include="Resource Files">
      <UniqueIdentifier>{67DA6AB6-F800-4c08-8B7A-83BB121AAD01}</UniqueIdentifier>
      <Extensions>rc;ico;cur;bmp;dlg;rc2;rct;bin;rgs;gif;jpg;jpeg;jpe;resx;tiff;tif;png;wav</Extensions>
    </Filter>
  </ItemGroup>
  <ItemGroup>
    <ClCompile Include="dbf.cpp">
      <Filter>Source Files</Filter>
    </ClCompile>
    <ClCompile Include="exp.cpp">
      <Filter>Source Files</Filter>
    </ClCompile>
    <ClCompile Include="expfunc.cpp">
      <Filter>Source Files</Filter>
    </ClCompile>
    <ClCompile Include="expproc.cpp">
      <Filter>Source Files</Filter>
    </ClCompile>
    <ClCompile Include="fields.cpp">
      <Filter>Source Files</Filter>
    </ClCompile>
    <ClCompile Include="html.cpp">
      <Filter>Source Files</Filter>
    </ClCompile>
    <ClCompile Include="index.cpp">
      <Filter>Source Files</Filter>
    </ClCompile>
    <ClCompile Include="lock.cpp">
      <Filter>Source Files</Filter>
    </ClCompile>
    <ClCompile Include="memo.cpp">
      <Filter>Source Files</Filter>
    </ClCompile>
    <ClCompile Include="ndx.cpp">
      <Filter>Source Files</Filter>
    </ClCompile>
    <ClCompile Include="ntx.cpp">
      <Filter>Source Files</Filter>
    </ClCompile>
    <ClCompile Include="stack.cpp">
      <Filter>Source Files</Filter>
    </ClCompile>
    <ClCompile Include="xbase.cpp">
      <Filter>Source Files</Filter>
    </ClCompile>
    <ClCompile Include="xbexcept.cpp">
      <Filter>Source Files</Filter>
    </ClCompile>
    <ClCompile Include="xbfilter.cpp">
      <Filter>Source Files</Filter>
    </ClCompile>
    <ClCompile Include="xbstring.cpp">
      <Filter>Source Files</Filter>
    </ClCompile>
    <ClCompile Include="xdate.cpp">
      <Filter>Source Files</Filter>
    </ClCompile>
  </ItemGroup>
  <ItemGroup>
    <ClInclude Include="dbf.h">
      <Filter>Header Files</Filter>
    </ClInclude>
    <ClInclude Include="exp.h">
      <Filter>Header Files</Filter>
    </ClInclude>
    <ClInclude Include="html.h">
      <Filter>Header Files</Filter>
    </ClInclude>
    <ClInclude Include="index.h">
      <Filter>Header Files</Filter>
    </ClInclude>
    <ClInclude Include="ndx.h">
      <Filter>Header Files</Filter>
    </ClInclude>
    <ClInclude Include="ntx.h">
      <Filter>Header Files</Filter>
    </ClInclude>
    <ClInclude Include="retcodes.h">
      <Filter>Header Files</Filter>
    </ClInclude>
    <ClInclude Include="vc.xbase.h">
      <Filter>Header Files</Filter>
    </ClInclude>
    <ClInclude Include="xbase.h">
      <Filter>Header Files</Filter>
    </ClInclude>
    <ClInclude Include="xbconfig.h">
      <Filter>Header Files</Filter>
    </ClInclude>
    <ClInclude Include="xbconfigw32.h">
      <Filter>Header Files</Filter>
    </ClInclude>
    <ClInclude Include="xbexcept.h">
      <Filter>Header Files</Filter>
    </ClInclude>
    <ClInclude Include="xbfilter.h">
      <Filter>Header Files</Filter>
    </ClInclude>
    <ClInclude Include="xbstring.h">
      <Filter>Header Files</Filter>
    </ClInclude>
    <ClInclude Include="xdate.h">
      <Filter>Header Files</Filter>
    </ClInclude>
    <ClInclude Include="xstack.h">
      <Filter>Header Files</Filter>
    </ClInclude>
    <ClInclude Include="xtypes.h">
      <Filter>Header Files</Filter>
    </ClInclude>
  </ItemGroup>
  <ItemGroup>
    <None Include="ReadMe.txt" />
  </ItemGroup>
</Project>